{
  "name": "personal-site",
  "version": "0.0.0",
  "lockfileVersion": 3,
  "requires": true,
  "packages": {
    "": {
      "name": "personal-site",
      "version": "0.0.0",
      "license": "ISC",
      "dependencies": {
        "react": "^18.3.1",
        "react-dom": "^18.3.1"
      },
      "devDependencies": {
        "@vitejs/plugin-react": "^4.3.1",
        "vite": "^5.4.1"
      }
    }
  },
  "dependencies": {
    "@vitejs/plugin-react": {
      "version": "4.3.1",
      "resolved": "https://registry.npmjs.org/@vitejs/plugin-react/-/plugin-react-4.3.1.tgz"
    },
    "react": {
      "version": "18.3.1",
      "resolved": "https://registry.npmjs.org/react/-/react-18.3.1.tgz"
    },
    "react-dom": {
      "version": "18.3.1",
      "resolved": "https://registry.npmjs.org/react-dom/-/react-dom-18.3.1.tgz"
    },
    "vite": {
      "version": "5.4.1",
      "resolved": "https://registry.npmjs.org/vite/-/vite-5.4.1.tgz"
    }
  }
}
